{
  "version": 4,
  "terraform_version": "1.1.9",
  "serial": 22,
  "lineage": "c856829e-2757-75d5-b8fb-57219b7060a3",
  "outputs": {
    "kubernetes_cluster_host": {
      "value": "35.242.253.97",
      "type": "string"
    },
    "kubernetes_cluster_name": {
      "value": "crypto-parser-350713-gke",
      "type": "string"
    },
    "project_id": {
      "value": "crypto-parser-350713",
      "type": "string"
    },
    "region": {
      "value": "europe-west3",
      "type": "string"
    }
  },
  "resources": [
    {
      "mode": "managed",
      "type": "google_compute_network",
      "name": "vpc",
      "provider": "provider[\"registry.terraform.io/hashicorp/google\"]",
      "instances": [
        {
          "schema_version": 0,
          "attributes": {
            "auto_create_subnetworks": false,
            "delete_default_routes_on_create": false,
            "description": "",
            "gateway_ipv4": "",
            "id": "projects/crypto-parser-350713/global/networks/crypto-parser-350713-vpc",
            "mtu": 0,
            "name": "crypto-parser-350713-vpc",
            "project": "crypto-parser-350713",
            "routing_mode": "REGIONAL",
            "self_link": "https://www.googleapis.com/compute/v1/projects/crypto-parser-350713/global/networks/crypto-parser-350713-vpc",
            "timeouts": null
          },
          "sensitive_attributes": [],
          "private": "eyJlMmJmYjczMC1lY2FhLTExZTYtOGY4OC0zNDM2M2JjN2M0YzAiOnsiY3JlYXRlIjoyNDAwMDAwMDAwMDAsImRlbGV0ZSI6MjQwMDAwMDAwMDAwLCJ1cGRhdGUiOjI0MDAwMDAwMDAwMH19"
        }
      ]
    },
    {
      "mode": "managed",
      "type": "google_compute_subnetwork",
      "name": "subnet",
      "provider": "provider[\"registry.terraform.io/hashicorp/google\"]",
      "instances": [
        {
          "schema_version": 0,
          "attributes": {
            "creation_timestamp": "2022-05-20T00:25:38.318-07:00",
            "description": "",
            "fingerprint": null,
            "gateway_address": "10.10.0.1",
            "id": "projects/crypto-parser-350713/regions/europe-west3/subnetworks/crypto-parser-350713-subnet",
            "ip_cidr_range": "10.10.0.0/24",
            "log_config": [],
            "name": "crypto-parser-350713-subnet",
            "network": "https://www.googleapis.com/compute/v1/projects/crypto-parser-350713/global/networks/crypto-parser-350713-vpc",
            "private_ip_google_access": false,
            "private_ipv6_google_access": "DISABLE_GOOGLE_ACCESS",
            "project": "crypto-parser-350713",
            "region": "europe-west3",
            "secondary_ip_range": [],
            "self_link": "https://www.googleapis.com/compute/v1/projects/crypto-parser-350713/regions/europe-west3/subnetworks/crypto-parser-350713-subnet",
            "timeouts": null
          },
          "sensitive_attributes": [],
          "private": "eyJlMmJmYjczMC1lY2FhLTExZTYtOGY4OC0zNDM2M2JjN2M0YzAiOnsiY3JlYXRlIjozNjAwMDAwMDAwMDAsImRlbGV0ZSI6MzYwMDAwMDAwMDAwLCJ1cGRhdGUiOjM2MDAwMDAwMDAwMH19",
          "dependencies": [
            "google_compute_network.vpc"
          ]
        }
      ]
    },
    {
      "mode": "managed",
      "type": "google_container_cluster",
      "name": "primary",
      "provider": "provider[\"registry.terraform.io/hashicorp/google\"]",
      "instances": [
        {
          "schema_version": 1,
          "attributes": {
            "addons_config": [
              {
                "cloudrun_config": [],
                "horizontal_pod_autoscaling": [],
                "http_load_balancing": [],
                "network_policy_config": [
                  {
                    "disabled": true
                  }
                ]
              }
            ],
            "authenticator_groups_config": [],
            "cluster_autoscaling": [
              {
                "auto_provisioning_defaults": [],
                "enabled": false,
                "resource_limits": []
              }
            ],
            "cluster_ipv4_cidr": "10.84.0.0/14",
            "database_encryption": [
              {
                "key_name": "",
                "state": "DECRYPTED"
              }
            ],
            "default_max_pods_per_node": 110,
            "description": "",
            "enable_binary_authorization": false,
            "enable_intranode_visibility": null,
            "enable_kubernetes_alpha": false,
            "enable_legacy_abac": false,
            "enable_shielded_nodes": false,
            "enable_tpu": null,
            "endpoint": "35.242.253.97",
            "id": "projects/crypto-parser-350713/locations/europe-west3/clusters/crypto-parser-350713-gke",
            "initial_node_count": 1,
            "instance_group_urls": [],
            "ip_allocation_policy": [
              {
                "cluster_ipv4_cidr_block": "10.84.0.0/14",
                "cluster_secondary_range_name": "gke-crypto-parser-350713-gke-pods-527eb00f",
                "services_ipv4_cidr_block": "10.88.0.0/20",
                "services_secondary_range_name": "gke-crypto-parser-350713-gke-services-527eb00f"
              }
            ],
            "label_fingerprint": "a9dc16a7",
            "location": "europe-west3",
            "logging_service": "logging.googleapis.com/kubernetes",
            "maintenance_policy": [],
            "master_auth": [
              {
                "client_certificate": "",
                "client_certificate_config": [
                  {
                    "issue_client_certificate": false
                  }
                ],
                "client_key": "",
                "cluster_ca_certificate": "LS0tLS1CRUdJTiBDRVJUSUZJQ0FURS0tLS0tCk1JSUVMRENDQXBTZ0F3SUJBZ0lRWmVFdEdHSTRWK0NXUkZZLzlBVWJZREFOQmdrcWhraUc5dzBCQVFzRkFEQXYKTVMwd0t3WURWUVFERXlSaU1qTTRNR0prTkMwNFlqbGlMVFJtWkRFdE9HUmxaaTB3TVRjek1UQTNZekkxT0RJdwpJQmNOTWpJd05USXpNRGN6TmpBNVdoZ1BNakExTWpBMU1UVXdPRE0yTURsYU1DOHhMVEFyQmdOVkJBTVRKR0l5Ck16Z3dZbVEwTFRoaU9XSXROR1prTVMwNFpHVm1MVEF4TnpNeE1EZGpNalU0TWpDQ0FhSXdEUVlKS29aSWh2Y04KQVFFQkJRQURnZ0dQQURDQ0FZb0NnZ0dCQUxNUFprVkI3cGVCZ3FrcXdhMk8wWEVsZ1V2cjQ1UkFnQm9TWVN3UQpEWGtDOUpVTVdFUDQxOTJRUlVPVE9jOG9rR1JOU0d6dzlGRmJLNll4eVFqN0UrbjB6ZnlLRXVMQmhKT3IrTTd2CnlOSHlaQjBsaTljL2tEUW1tSUpyMytyR3R1Uk1HL2hoZUR0WG1tMEQvT1BDbGZoSDZVdkVkWDFrTllsWVhCb1gKMWR4U21GVW1jeWM5dXB0YlZCeXRsNHV5L2pFdVZhdldaKzZ0Q1ZZdFY4TnA5RjFIbEdxZ2ZHZ2VIS3Rva2dXRApGNVZRdGovcndkenhDWWV6czZiOUp1Qy9LMFZ2TnJMWGpDSVdWUzgycVBITmRydzAySDNySjlINGNrL2ZVYkJUCjE5V3FHV0FZQU1JRkllVE9vbFgxeXc3aEx2NWZSeUhKaDlPdjBBbWpEZE9hNHlOUXFnSHV0R2xUZGFiVUVmZkcKQ1JYeGxJeHVyZ2RDNXVIbUprZFhHVjJqbFl4cWx1MzdGM1I2cTcrNCtqOHBCNmozbDZzWXV0TG9nNEtESWtuaQpCZ2g5ZDRkQVprVnF0UGErVlpHeUtnT0wxdFBkb3E1bXpBbGlYbis1cUZHNzdHcm1TbDFvdDMyR1BTeWNveVFLCmh3S2Z2bkMwWlowL1V3eXIvTy9OalA0SjRRSURBUUFCbzBJd1FEQU9CZ05WSFE4QkFmOEVCQU1DQWdRd0R3WUQKVlIwVEFRSC9CQVV3QXdFQi96QWRCZ05WSFE0RUZnUVVYOGQwRjJ6MFRKOGh3T0VEWklqQ1dIN0lEcVV3RFFZSgpLb1pJaHZjTkFRRUxCUUFEZ2dHQkFLWElwU3NlbnVTb2swcXNCUGk5bWE3UTh6emptZXZMbWJUZmpqWXB6TEFiCllQbVdNSU5hV3A5ZmU1NE1pdUZPdWZZZ0xZWEJBWjFRVVllOWJVcG5DT01CMWdQREVhWXJIQlFFNTZwVXlpdVUKVTdreGFaQzd4VEkyeVJVK2tPd3M4MzlnSmhwTkVoRzg2dTV5aEN2bGJyNjYxeWo3S0NyYlFPb0Y1cHVIQWNFZwpWdG0zZ2kwTzBrOXd0SlFZUjMxWHEvVWE1dnZOZEVickNnRGJnb2lscGk5THQwMG4wV3YrWTFSbllqZFRBWFVPCklXNSs1Vzh1M0lpVHd6dkxWelZWVkRJaHZKK1NRUnRLMkxIeFhwd1piQ1JoaVBLMVBkN1A2L0I1VmI4QlVIOWwKWFlCcHJneDEzdlBEQWU3MFBmU3h2MHowV1o2LytndEltcEtCOW1GZk5VN2RXU3JRV3B1Smc2L09nMlBOeWVVego1d1poQitRMkQzbTI2YkNCOU1WQU0wcGpkbU5UUWlyVHBsZ3lqN1FZUGZkOW1lNk42eFhwanFGSk41MDdXUnZCCnI1UGwvZTF6QVoreGNIb0lXSVNiOXRGRXN5OS83MmlKbUxGNGg0WUlXYURCOFNVRWZFdEdWVjZEdktjbjROdUsKOG9sR3hiamszK3I4NXFhRHFPWVRWdz09Ci0tLS0tRU5EIENFUlRJRklDQVRFLS0tLS0K",
                "password": "",
                "username": ""
              }
            ],
            "master_authorized_networks_config": [],
            "master_version": "1.21.11-gke.1100",
            "min_master_version": null,
            "monitoring_service": "monitoring.googleapis.com/kubernetes",
            "name": "crypto-parser-350713-gke",
            "network": "projects/crypto-parser-350713/global/networks/crypto-parser-350713-vpc",
            "network_policy": [
              {
                "enabled": false,
                "provider": "PROVIDER_UNSPECIFIED"
              }
            ],
            "node_config": [],
            "node_locations": [
              "europe-west3-a",
              "europe-west3-b",
              "europe-west3-c"
            ],
            "node_pool": [],
            "node_version": "1.21.11-gke.1100",
            "operation": null,
            "pod_security_policy_config": [],
            "private_cluster_config": [],
            "project": "crypto-parser-350713",
            "release_channel": [
              {
                "channel": "REGULAR"
              }
            ],
            "remove_default_node_pool": true,
            "resource_labels": null,
            "resource_usage_export_config": [],
            "self_link": "https://container.googleapis.com/v1beta1/projects/crypto-parser-350713/locations/europe-west3/clusters/crypto-parser-350713-gke",
            "services_ipv4_cidr": "10.88.0.0/20",
            "subnetwork": "projects/crypto-parser-350713/regions/europe-west3/subnetworks/crypto-parser-350713-subnet",
            "timeouts": null,
            "vertical_pod_autoscaling": [],
            "workload_identity_config": []
          },
          "sensitive_attributes": [],
          "private": "eyJlMmJmYjczMC1lY2FhLTExZTYtOGY4OC0zNDM2M2JjN2M0YzAiOnsiY3JlYXRlIjoyNDAwMDAwMDAwMDAwLCJkZWxldGUiOjI0MDAwMDAwMDAwMDAsInJlYWQiOjI0MDAwMDAwMDAwMDAsInVwZGF0ZSI6MzYwMDAwMDAwMDAwMH0sInNjaGVtYV92ZXJzaW9uIjoiMSJ9",
          "dependencies": [
            "google_compute_network.vpc",
            "google_compute_subnetwork.subnet"
          ]
        }
      ]
    },
    {
      "mode": "managed",
      "type": "google_container_node_pool",
      "name": "primary_nodes",
      "provider": "provider[\"registry.terraform.io/hashicorp/google\"]",
      "instances": [
        {
          "schema_version": 1,
          "attributes": {
            "autoscaling": [],
            "cluster": "crypto-parser-350713-gke",
            "id": "projects/crypto-parser-350713/locations/europe-west3/clusters/crypto-parser-350713-gke/nodePools/crypto-parser-350713-gke-node-pool",
            "initial_node_count": 1,
            "instance_group_urls": [
              "https://www.googleapis.com/compute/v1/projects/crypto-parser-350713/zones/europe-west3-c/instanceGroupManagers/gke-crypto-parser-35-crypto-parser-35-2d16aa15-grp",
              "https://www.googleapis.com/compute/v1/projects/crypto-parser-350713/zones/europe-west3-a/instanceGroupManagers/gke-crypto-parser-35-crypto-parser-35-a2b0a129-grp",
              "https://www.googleapis.com/compute/v1/projects/crypto-parser-350713/zones/europe-west3-b/instanceGroupManagers/gke-crypto-parser-35-crypto-parser-35-70f62c12-grp"
            ],
            "location": "europe-west3",
            "management": [
              {
                "auto_repair": true,
                "auto_upgrade": true
              }
            ],
            "max_pods_per_node": 110,
            "name": "crypto-parser-350713-gke-node-pool",
            "name_prefix": "",
            "node_config": [
              {
                "disk_size_gb": 100,
                "disk_type": "pd-standard",
                "guest_accelerator": [],
                "image_type": "COS_CONTAINERD",
                "labels": {
                  "env": "crypto-parser-350713"
                },
                "local_ssd_count": 0,
                "machine_type": "n1-standard-1",
                "metadata": {
                  "disable-legacy-endpoints": "true"
                },
                "min_cpu_platform": "",
                "oauth_scopes": [
                  "https://www.googleapis.com/auth/logging.write",
                  "https://www.googleapis.com/auth/monitoring"
                ],
                "preemptible": false,
                "service_account": "default",
                "shielded_instance_config": [
                  {
                    "enable_integrity_monitoring": true,
                    "enable_secure_boot": false
                  }
                ],
                "tags": [
                  "gke-node",
                  "crypto-parser-350713-gke"
                ],
                "taint": [],
                "workload_metadata_config": []
              }
            ],
            "node_count": 1,
            "node_locations": [
              "europe-west3-a",
              "europe-west3-b",
              "europe-west3-c"
            ],
            "project": "crypto-parser-350713",
            "timeouts": null,
            "upgrade_settings": [
              {
                "max_surge": 1,
                "max_unavailable": 0
              }
            ],
            "version": "1.21.11-gke.1100"
          },
          "sensitive_attributes": [],
          "private": "eyJlMmJmYjczMC1lY2FhLTExZTYtOGY4OC0zNDM2M2JjN2M0YzAiOnsiY3JlYXRlIjoxODAwMDAwMDAwMDAwLCJkZWxldGUiOjE4MDAwMDAwMDAwMDAsInVwZGF0ZSI6MTgwMDAwMDAwMDAwMH0sInNjaGVtYV92ZXJzaW9uIjoiMSJ9",
          "dependencies": [
            "google_compute_network.vpc",
            "google_compute_subnetwork.subnet",
            "google_container_cluster.primary"
          ]
        }
      ]
    }
  ]
}
